{
    "name": "fast-string-methods-benchmarks",
    "lockfileVersion": 3,
    "requires": true,
    "packages": {
        "": {
            "name": "fast-string-methods-benchmarks",
            "devDependencies": {
                "fast-string-methods": "file:../lib"
            }
        },
        "../lib": {
            "name": "fast-string-methods",
            "version": "1.0.0",
            "dev": true,
            "license": "ISC",
            "devDependencies": {
                "@jest/types": "^29.6.3",
                "@rollup/plugin-commonjs": "^25.0.7",
                "@rollup/plugin-node-resolve": "^15.2.3",
                "@swc/core": "^1.4.2",
                "@swc/helpers": "^0.5.6",
                "@swc/jest": "^0.2.36",
                "@types/benchmark": "^2.1.5",
                "@types/uglify-js": "^3.17.4",
                "@typescript-eslint/eslint-plugin": "^7.1.0",
                "@typescript-eslint/parser": "^7.1.0",
                "benchmark": "^2.1.4",
                "cpy-cli": "^5.0.0",
                "eslint": "^8.57.0",
                "jest": "^29.7.0",
                "rimraf": "^5.0.5",
                "rollup": "^4.12.0",
                "rollup-plugin-ts": "^3.4.5",
                "ts-node": "^10.9.2",
                "tsx": "^4.7.1",
                "typescript": "^5.3.3",
                "uglify-js": "^3.17.4"
            }
        },
        "node_modules/fast-string-methods": {
            "resolved": "../lib",
            "link": true
        }
    }
}
